{
  "nodes": {
    "flake-parts": {
      "inputs": {
        "nixpkgs-lib": [
          "nixpkgs"
        ]
      },
      "locked": {
        "lastModified": 1767609335,
        "narHash": "sha256-feveD98mQpptwrAEggBQKJTYbvwwglSbOv53uCfH9PY=",
        "owner": "hercules-ci",
        "repo": "flake-parts",
        "rev": "250481aafeb741edfe23d29195671c19b36b6dca",
        "type": "github"
      },
      "original": {
        "owner": "hercules-ci",
        "repo": "flake-parts",
        "type": "github"
      }
    },
    "flake-parts_2": {
      "inputs": {
        "nixpkgs-lib": [
          "neovim-nightly-overlay",
          "nixpkgs"
        ]
      },
      "locked": {
        "lastModified": 1767609335,
        "narHash": "sha256-feveD98mQpptwrAEggBQKJTYbvwwglSbOv53uCfH9PY=",
        "owner": "hercules-ci",
        "repo": "flake-parts",
        "rev": "250481aafeb741edfe23d29195671c19b36b6dca",
        "type": "github"
      },
      "original": {
        "owner": "hercules-ci",
        "repo": "flake-parts",
        "type": "github"
      }
    },
    "neovim-nightly-overlay": {
      "inputs": {
        "flake-parts": "flake-parts_2",
        "neovim-src": "neovim-src",
        "nixpkgs": "nixpkgs"
      },
      "locked": {
        "lastModified": 1767830720,
        "narHash": "sha256-QkoscipfDnwclEnVughLSycbkv69yYbxzBLeSWWVAvM=",
        "owner": "nix-community",
        "repo": "neovim-nightly-overlay",
        "rev": "bc28e1651ac22277c1b8d77916944a3a462d875b",
        "type": "github"
      },
      "original": {
        "owner": "nix-community",
        "repo": "neovim-nightly-overlay",
        "type": "github"
      }
    },
    "neovim-src": {
      "flake": false,
      "locked": {
        "lastModified": 1767829782,
        "narHash": "sha256-ZICnwVq/gDcG8KjRTLFk4fI9nvrVJNGORnNdHEG5iZI=",
        "owner": "neovim",
        "repo": "neovim",
        "rev": "89960e27d6f131587e6e97602be947fdedd8de7a",
        "type": "github"
      },
      "original": {
        "owner": "neovim",
        "repo": "neovim",
        "type": "github"
      }
    },
    "nixpkgs": {
      "locked": {
        "lastModified": 1767364772,
        "narHash": "sha256-fFUnEYMla8b7UKjijLnMe+oVFOz6HjijGGNS1l7dYaQ=",
        "owner": "NixOS",
        "repo": "nixpkgs",
        "rev": "16c7794d0a28b5a37904d55bcca36003b9109aaa",
        "type": "github"
      },
      "original": {
        "owner": "NixOS",
        "ref": "nixpkgs-unstable",
        "repo": "nixpkgs",
        "type": "github"
      }
    },
    "nixpkgs-stable": {
      "locked": {
        "lastModified": 1767885402,
        "narHash": "sha256-HJYoNABySh1r9s6D3yIHnEzey30UXF4we7DlEKyzNyw=",
        "owner": "nixos",
        "repo": "nixpkgs",
        "rev": "894213711786b0d91202b61028ccb77e74aa903e",
        "type": "github"
      },
      "original": {
        "owner": "nixos",
        "repo": "nixpkgs",
        "type": "github"
      }
    },
    "nixpkgs_2": {
      "locked": {
        "lastModified": 1767767207,
        "narHash": "sha256-Mj3d3PfwltLmukFal5i3fFt27L6NiKXdBezC1EBuZs4=",
        "owner": "nixos",
        "repo": "nixpkgs",
        "rev": "5912c1772a44e31bf1c63c0390b90501e5026886",
        "type": "github"
      },
      "original": {
        "owner": "nixos",
        "ref": "nixos-unstable",
        "repo": "nixpkgs",
        "type": "github"
      }
    },
    "nixvim": {
      "inputs": {
        "flake-parts": [
          "flake-parts"
        ],
        "nixpkgs": [
          "nixpkgs"
        ],
        "systems": "systems"
      },
      "locked": {
        "lastModified": 1767608728,
        "narHash": "sha256-kmSJCTgrx+BxgqQOTPHAOkohvO+lbRsPWqu+PSPcz3I=",
        "owner": "nix-community",
        "repo": "nixvim",
        "rev": "851399eebd0fb383d2fd76269d859f16021dc7a8",
        "type": "github"
      },
      "original": {
        "owner": "nix-community",
        "repo": "nixvim",
        "type": "github"
      }
    },
    "root": {
      "inputs": {
        "flake-parts": "flake-parts",
        "neovim-nightly-overlay": "neovim-nightly-overlay",
        "nixpkgs": "nixpkgs_2",
        "nixpkgs-stable": "nixpkgs-stable",
        "nixvim": "nixvim"
      }
    },
    "systems": {
      "locked": {
        "lastModified": 1681028828,
        "narHash": "sha256-Vy1rq5AaRuLzOxct8nz4T6wlgyUR7zLU309k9mBC768=",
        "owner": "nix-systems",
        "repo": "default",
        "rev": "da67096a3b9bf56a91d16901293e51ba5b49a27e",
        "type": "github"
      },
      "original": {
        "owner": "nix-systems",
        "repo": "default",
        "type": "github"
      }
    }
  },
  "root": "root",
  "version": 7
}
